
Microsoft Visual Studio Solution File, Format Version 12.00
# Visual Studio 15
Project("{FAE04EC0-301F-11D3-BF4B-00C04F79EFBC}") = "Assembly-CSharp", "Assembly-CSharp.csproj", "{666AD2CC-2E99-7288-4BFB-BC2F37210738}"
EndProject
Project("{FAE04EC0-301F-11D3-BF4B-00C04F79EFBC}") = "Assembly-CSharp-firstpass", "Assembly-CSharp-firstpass.csproj", "{BC6270E4-02C8-05A1-C429-1830E7570C21}"
EndProject
Project("{FAE04EC0-301F-11D3-BF4B-00C04F79EFBC}") = "Assembly-CSharp-Editor-firstpass", "Assembly-CSharp-Editor-firstpass.csproj", "{54441424-D17E-E7C6-5CB0-B4FE70CDA479}"
EndProject
Global
	GlobalSection(SolutionConfigurationPlatforms) = preSolution
		Debug|Any CPU = Debug|Any CPU
		Release|Any CPU = Release|Any CPU
	EndGlobalSection
	GlobalSection(ProjectConfigurationPlatforms) = postSolution
		{666AD2CC-2E99-7288-4BFB-BC2F37210738}.Debug|Any CPU.ActiveCfg = Debug|Any CPU
		{666AD2CC-2E99-7288-4BFB-BC2F37210738}.Debug|Any CPU.Build.0 = Debug|Any CPU
		{666AD2CC-2E99-7288-4BFB-BC2F37210738}.Release|Any CPU.ActiveCfg = Release|Any CPU
		{666AD2CC-2E99-7288-4BFB-BC2F37210738}.Release|Any CPU.Build.0 = Release|Any CPU
		{BC6270E4-02C8-05A1-C429-1830E7570C21}.Debug|Any CPU.ActiveCfg = Debug|Any CPU
		{BC6270E4-02C8-05A1-C429-1830E7570C21}.Debug|Any CPU.Build.0 = Debug|Any CPU
		{BC6270E4-02C8-05A1-C429-1830E7570C21}.Release|Any CPU.ActiveCfg = Release|Any CPU
		{BC6270E4-02C8-05A1-C429-1830E7570C21}.Release|Any CPU.Build.0 = Release|Any CPU
		{54441424-D17E-E7C6-5CB0-B4FE70CDA479}.Debug|Any CPU.ActiveCfg = Debug|Any CPU
		{54441424-D17E-E7C6-5CB0-B4FE70CDA479}.Debug|Any CPU.Build.0 = Debug|Any CPU
		{54441424-D17E-E7C6-5CB0-B4FE70CDA479}.Release|Any CPU.ActiveCfg = Release|Any CPU
		{54441424-D17E-E7C6-5CB0-B4FE70CDA479}.Release|Any CPU.Build.0 = Release|Any CPU
	EndGlobalSection
	GlobalSection(SolutionProperties) = preSolution
		HideSolutionNode = FALSE
	EndGlobalSection
EndGlobal
